// !$*UTF8*$!
{
	archiveVersion = 1;
	classes = {
	};
	objectVersion = 56;
	objects = {

/* Begin PBXBuildFile section */
		A1234567890123456789012A /* QuanshengK5ToolApp.swift in Sources */ = {isa = PBXBuildFile; fileRef = A1234567890123456789012B /* QuanshengK5ToolApp.swift */; };
		A1234567890123456789012C /* ContentView.swift in Sources */ = {isa = PBXBuildFile; fileRef = A1234567890123456789012D /* ContentView.swift */; };
		A1234567890123456789012E /* USBCommunication.swift in Sources */ = {isa = PBXBuildFile; fileRef = A1234567890123456789012F /* USBCommunication.swift */; };
		A1234567890123456789013A /* K5Protocol.swift in Sources */ = {isa = PBXBuildFile; fileRef = A1234567890123456789013B /* K5Protocol.swift */; };
		A1234567890123456789013G /* K5Utilities.swift in Sources */ = {isa = PBXBuildFile; fileRef = A1234567890123456789013H /* K5Utilities.swift */; };
		A1234567890123456789013I /* ChannelEditorView.swift in Sources */ = {isa = PBXBuildFile; fileRef = A1234567890123456789013J /* ChannelEditorView.swift */; };
		A1234567890123456789014K /* LogManager.swift in Sources */ = {isa = PBXBuildFile; fileRef = A1234567890123456789014L /* LogManager.swift */; };
		A1234567890123456789014M /* CalibrationManager.swift in Sources */ = {isa = PBXBuildFile; fileRef = A1234567890123456789014N /* CalibrationManager.swift */; };
		A1234567890123456789015F /* Configuration.swift in Sources */ = {isa = PBXBuildFile; fileRef = A1234567890123456789015A /* Configuration.swift */; };
		A1234567890123456789015G /* ChannelsView.swift in Sources */ = {isa = PBXBuildFile; fileRef = A1234567890123456789015B /* ChannelsView.swift */; };
		A1234567890123456789015H /* InfoView.swift in Sources */ = {isa = PBXBuildFile; fileRef = A1234567890123456789015C /* InfoView.swift */; };
		A1234567890123456789015I /* LogView.swift in Sources */ = {isa = PBXBuildFile; fileRef = A1234567890123456789015D /* LogView.swift */; };
		A1234567890123456789015J /* Tests.swift in Sources */ = {isa = PBXBuildFile; fileRef = A1234567890123456789015E /* Tests.swift */; };
		A1234567890123456789013C /* Assets.xcassets in Resources */ = {isa = PBXBuildFile; fileRef = A1234567890123456789013D /* Assets.xcassets */; };
		A1234567890123456789013E /* Preview Assets.xcassets in Resources */ = {isa = PBXBuildFile; fileRef = A1234567890123456789013F /* Preview Assets.xcassets */; };
/* End PBXBuildFile section */

/* Begin PBXFileReference section */
		A1234567890123456789012G /* QuanshengK5Tool.app */ = {isa = PBXFileReference; explicitFileType = wrapper.application; includeInIndex = 0; path = QuanshengK5Tool.app; sourceTree = BUILT_PRODUCTS_DIR; };
		A1234567890123456789012B /* QuanshengK5ToolApp.swift */ = {isa = PBXFileReference; lastKnownFileType = sourcecode.swift; path = QuanshengK5ToolApp.swift; sourceTree = "<group>"; };
		A1234567890123456789012D /* ContentView.swift */ = {isa = PBXFileReference; lastKnownFileType = sourcecode.swift; path = ContentView.swift; sourceTree = "<group>"; };
		A1234567890123456789012F /* USBCommunication.swift */ = {isa = PBXFileReference; lastKnownFileType = sourcecode.swift; path = USBCommunication.swift; sourceTree = "<group>"; };
		A1234567890123456789013B /* K5Protocol.swift */ = {isa = PBXFileReference; lastKnownFileType = sourcecode.swift; path = K5Protocol.swift; sourceTree = "<group>"; };
		A1234567890123456789013H /* K5Utilities.swift */ = {isa = PBXFileReference; lastKnownFileType = sourcecode.swift; path = K5Utilities.swift; sourceTree = "<group>"; };
		A1234567890123456789013J /* ChannelEditorView.swift */ = {isa = PBXFileReference; lastKnownFileType = sourcecode.swift; path = ChannelEditorView.swift; sourceTree = "<group>"; };
		A1234567890123456789014L /* LogManager.swift */ = {isa = PBXFileReference; lastKnownFileType = sourcecode.swift; path = LogManager.swift; sourceTree = "<group>"; };
		A1234567890123456789014N /* CalibrationManager.swift */ = {isa = PBXFileReference; lastKnownFileType = sourcecode.swift; path = CalibrationManager.swift; sourceTree = "<group>"; };
		A1234567890123456789013D /* Assets.xcassets */ = {isa = PBXFileReference; lastKnownFileType = folder.assetcatalog; path = Assets.xcassets; sourceTree = "<group>"; };
		A1234567890123456789013F /* Preview Assets.xcassets */ = {isa = PBXFileReference; lastKnownFileType = folder.assetcatalog; path = "Preview Assets.xcassets"; sourceTree = "<group>"; };
		A1234567890123456789014A /* QuanshengK5Tool.entitlements */ = {isa = PBXFileReference; lastKnownFileType = text.plist.entitlements; path = QuanshengK5Tool.entitlements; sourceTree = "<group>"; };
		A1234567890123456789015A /* Configuration.swift */ = {isa = PBXFileReference; lastKnownFileType = sourcecode.swift; path = Configuration.swift; sourceTree = "<group>"; };
		A1234567890123456789015B /* ChannelsView.swift */ = {isa = PBXFileReference; lastKnownFileType = sourcecode.swift; path = ChannelsView.swift; sourceTree = "<group>"; };
		A1234567890123456789015C /* InfoView.swift */ = {isa = PBXFileReference; lastKnownFileType = sourcecode.swift; path = InfoView.swift; sourceTree = "<group>"; };
		A1234567890123456789015D /* LogView.swift */ = {isa = PBXFileReference; lastKnownFileType = sourcecode.swift; path = LogView.swift; sourceTree = "<group>"; };
		A1234567890123456789015E /* Tests.swift */ = {isa = PBXFileReference; lastKnownFileType = sourcecode.swift; path = Tests.swift; sourceTree = "<group>"; };
/* End PBXFileReference section */

/* Begin PBXFrameworksBuildPhase section */
		A1234567890123456789012H /* Frameworks */ = {
			isa = PBXFrameworksBuildPhase;
			buildActionMask = 2147483647;
			files = (
			);
			runOnlyForDeploymentPostprocessing = 0;
		};
/* End PBXFrameworksBuildPhase section */

/* Begin PBXGroup section */
		A1234567890123456789012I /* QuanshengK5Tool */ = {
			isa = PBXGroup;
			children = (
				A1234567890123456789012B /* QuanshengK5ToolApp.swift */,
				A1234567890123456789012D /* ContentView.swift */,
				A1234567890123456789015A /* Configuration.swift */,
				A1234567890123456789012F /* USBCommunication.swift */,
				A1234567890123456789013B /* K5Protocol.swift */,
				A1234567890123456789013H /* K5Utilities.swift */,
				A1234567890123456789013J /* ChannelEditorView.swift */,
				A1234567890123456789015B /* ChannelsView.swift */,
				A1234567890123456789015C /* InfoView.swift */,
				A1234567890123456789015D /* LogView.swift */,
				A1234567890123456789014L /* LogManager.swift */,
				A1234567890123456789014N /* CalibrationManager.swift */,
				A1234567890123456789015E /* Tests.swift */,
				A1234567890123456789013D /* Assets.xcassets */,
				A1234567890123456789014A /* QuanshengK5Tool.entitlements */,
				A1234567890123456789014B /* Preview Content */,
			);
			path = QuanshengK5Tool;
			sourceTree = "<group>";
		};
		A1234567890123456789014B /* Preview Content */ = {
			isa = PBXGroup;
			children = (
				A1234567890123456789013F /* Preview Assets.xcassets */,
			);
			path = "Preview Content";
			sourceTree = "<group>";
		};
		A1234567890123456789012J /* Products */ = {
			isa = PBXGroup;
			children = (
				A1234567890123456789012G /* QuanshengK5Tool.app */,
			);
			name = Products;
			sourceTree = "<group>";
		};
		A1234567890123456789012K = {
			isa = PBXGroup;
			children = (
				A1234567890123456789012I /* QuanshengK5Tool */,
				A1234567890123456789012J /* Products */,
			);
			sourceTree = "<group>";
		};
/* End PBXGroup section */

/* Begin PBXNativeTarget section */
		A1234567890123456789012L /* QuanshengK5Tool */ = {
			isa = PBXNativeTarget;
			buildConfigurationList = A1234567890123456789014C /* Build configuration list for PBXNativeTarget "QuanshengK5Tool" */;
			buildPhases = (
				A1234567890123456789012M /* Sources */,
				A1234567890123456789012H /* Frameworks */,
				A1234567890123456789012N /* Resources */,
			);
			buildRules = (
			);
			dependencies = (
			);
			name = QuanshengK5Tool;
			productName = QuanshengK5Tool;
			productReference = A1234567890123456789012G /* QuanshengK5Tool.app */;
			productType = "com.apple.product-type.application";
		};
/* End PBXNativeTarget section */

/* Begin PBXProject section */
		A1234567890123456789012O /* Project object */ = {
			isa = PBXProject;
			attributes = {
				BuildIndependentTargetsInParallel = 1;
				LastSwiftUpdateCheck = 1500;
				LastUpgradeCheck = 1500;
				TargetAttributes = {
					A1234567890123456789012L = {
						CreatedOnToolsVersion = 15.0;
					};
				};
			};
			buildConfigurationList = A1234567890123456789012P /* Build configuration list for PBXProject "QuanshengK5Tool" */;
			compatibilityVersion = "Xcode 14.0";
			developmentRegion = en;
			hasScannedForEncodings = 0;
			knownRegions = (
				en,
				Base,
			);
			mainGroup = A1234567890123456789012K;
			productRefGroup = A1234567890123456789012J /* Products */;
			projectDirPath = "";
			projectRoot = "";
			targets = (
				A1234567890123456789012L /* QuanshengK5Tool */,
			);
		};
/* End PBXProject section */

/* Begin PBXResourcesBuildPhase section */
		A1234567890123456789012N /* Resources */ = {
			isa = PBXResourcesBuildPhase;
			buildActionMask = 2147483647;
			files = (
				A1234567890123456789013E /* Preview Assets.xcassets in Resources */,
				A1234567890123456789013C /* Assets.xcassets in Resources */,
			);
			runOnlyForDeploymentPostprocessing = 0;
		};
/* End PBXResourcesBuildPhase section */

/* Begin PBXSourcesBuildPhase section */
		A1234567890123456789012M /* Sources */ = {
			isa = PBXSourcesBuildPhase;
			buildActionMask = 2147483647;
			files = (
				A1234567890123456789012C /* ContentView.swift in Sources */,
				A1234567890123456789012E /* USBCommunication.swift in Sources */,
				A1234567890123456789013A /* K5Protocol.swift in Sources */,
				A1234567890123456789013G /* K5Utilities.swift in Sources */,
				A1234567890123456789013I /* ChannelEditorView.swift in Sources */,
				A1234567890123456789015G /* ChannelsView.swift in Sources */,
				A1234567890123456789015H /* InfoView.swift in Sources */,
				A1234567890123456789015I /* LogView.swift in Sources */,
				A1234567890123456789014K /* LogManager.swift in Sources */,
				A1234567890123456789014M /* CalibrationManager.swift in Sources */,
				A1234567890123456789015F /* Configuration.swift in Sources */,
				A1234567890123456789015J /* Tests.swift in Sources */,
				A1234567890123456789012A /* QuanshengK5ToolApp.swift in Sources */,
			);
			runOnlyForDeploymentPostprocessing = 0;
		};
/* End PBXSourcesBuildPhase section */

/* Begin XCBuildConfiguration section */
		A1234567890123456789014D /* Debug */ = {
			isa = XCBuildConfiguration;
			buildSettings = {
				ALWAYS_SEARCH_USER_PATHS = NO;
				ASSETCATALOG_COMPILER_GENERATE_SWIFT_ASSET_SYMBOL_EXTENSIONS = YES;
				CLANG_ANALYZER_NONNULL = YES;
				CLANG_ANALYZER_NUMBER_OBJECT_CONVERSION = YES_AGGRESSIVE;
				CLANG_CXX_LANGUAGE_STANDARD = "gnu++20";
				CLANG_ENABLE_MODULES = YES;
				CLANG_ENABLE_OBJC_ARC = YES;
				CLANG_ENABLE_OBJC_WEAK = YES;
				CLANG_WARN_BLOCK_CAPTURE_AUTORELEASING = YES;
				CLANG_WARN_BOOL_CONVERSION = YES;
				CLANG_WARN_COMMA = YES;
				CLANG_WARN_CONSTANT_CONVERSION = YES;
				CLANG_WARN_DEPRECATED_OBJC_IMPLEMENTATIONS = YES;
				CLANG_WARN_DIRECT_OBJC_ISA_USAGE = YES_ERROR;
				CLANG_WARN_DOCUMENTATION_COMMENTS = YES;
				CLANG_WARN_EMPTY_BODY = YES;
				CLANG_WARN_ENUM_CONVERSION = YES;
				CLANG_WARN_INFINITE_RECURSION = YES;
				CLANG_WARN_INT_CONVERSION = YES;
				CLANG_WARN_NON_LITERAL_NULL_CONVERSION = YES;
				CLANG_WARN_OBJC_IMPLICIT_RETAIN_SELF = YES;
				CLANG_WARN_OBJC_LITERAL_CONVERSION = YES;
				CLANG_WARN_OBJC_ROOT_CLASS = YES_ERROR;
				CLANG_WARN_QUOTED_INCLUDE_IN_FRAMEWORK_HEADER = YES;
				CLANG_WARN_RANGE_LOOP_ANALYSIS = YES;
				CLANG_WARN_STRICT_PROTOTYPES = YES;
				CLANG_WARN_SUSPICIOUS_MOVE = YES;
				CLANG_WARN_UNGUARDED_AVAILABILITY = YES_AGGRESSIVE;
				CLANG_WARN_UNREACHABLE_CODE = YES;
				CLANG_WARN__DUPLICATE_METHOD_MATCH = YES;
				COPY_PHASE_STRIP = NO;
				DEBUG_INFORMATION_FORMAT = dwarf;
				ENABLE_STRICT_OBJC_MSGSEND = YES;
				ENABLE_TESTABILITY = YES;
				ENABLE_USER_SCRIPT_SANDBOXING = YES;
				GCC_C_LANGUAGE_STANDARD = gnu17;
				GCC_DYNAMIC_NO_PIC = NO;
				GCC_NO_COMMON_BLOCKS = YES;
				GCC_OPTIMIZATION_LEVEL = 0;
				GCC_PREPROCESSOR_DEFINITIONS = (
					"DEBUG=1",
					"$(inherited)",
				);
				GCC_WARN_64_TO_32_BIT_CONVERSION = YES;
				GCC_WARN_ABOUT_RETURN_TYPE = YES_ERROR;
				GCC_WARN_UNDECLARED_SELECTOR = YES;
				GCC_WARN_UNINITIALIZED_AUTOS = YES_AGGRESSIVE;
				GCC_WARN_UNUSED_FUNCTION = YES;
				GCC_WARN_UNUSED_VARIABLE = YES;
				LOCALIZATION_PREFERS_STRING_CATALOGS = YES;
				MACOSX_DEPLOYMENT_TARGET = 14.0;
				MTL_ENABLE_DEBUG_INFO = INCLUDE_SOURCE;
				MTL_FAST_MATH = YES;
				ONLY_ACTIVE_ARCH = YES;
				SDKROOT = macosx;
				SWIFT_ACTIVE_COMPILATION_CONDITIONS = "DEBUG $(inherited)";
				SWIFT_OPTIMIZATION_LEVEL = "-Onone";
			};
			name = Debug;
		};
		A1234567890123456789014E /* Release */ = {
			isa = XCBuildConfiguration;
			buildSettings = {
				ALWAYS_SEARCH_USER_PATHS = NO;
				ASSETCATALOG_COMPILER_GENERATE_SWIFT_ASSET_SYMBOL_EXTENSIONS = YES;
				CLANG_ANALYZER_NONNULL = YES;
				CLANG_ANALYZER_NUMBER_OBJECT_CONVERSION = YES_AGGRESSIVE;
				CLANG_CXX_LANGUAGE_STANDARD = "gnu++20";
				CLANG_ENABLE_MODULES = YES;
				CLANG_ENABLE_OBJC_ARC = YES;
				CLANG_ENABLE_OBJC_WEAK = YES;
				CLANG_WARN_BLOCK_CAPTURE_AUTORELEASING = YES;
				CLANG_WARN_BOOL_CONVERSION = YES;
				CLANG_WARN_COMMA = YES;
				CLANG_WARN_CONSTANT_CONVERSION = YES;
				CLANG_WARN_DEPRECATED_OBJC_IMPLEMENTATIONS = YES;
				CLANG_WARN_DIRECT_OBJC_ISA_USAGE = YES_ERROR;
				CLANG_WARN_DOCUMENTATION_COMMENTS = YES;
				CLANG_WARN_EMPTY_BODY = YES;
				CLANG_WARN_ENUM_CONVERSION = YES;
				CLANG_WARN_INFINITE_RECURSION = YES;
				CLANG_WARN_INT_CONVERSION = YES;
				CLANG_WARN_NON_LITERAL_NULL_CONVERSION = YES;
				CLANG_WARN_OBJC_IMPLICIT_RETAIN_SELF = YES;
				CLANG_WARN_OBJC_LITERAL_CONVERSION = YES;
				CLANG_WARN_OBJC_ROOT_CLASS = YES_ERROR;
				CLANG_WARN_QUOTED_INCLUDE_IN_FRAMEWORK_HEADER = YES;
				CLANG_WARN_RANGE_LOOP_ANALYSIS = YES;
				CLANG_WARN_STRICT_PROTOTYPES = YES;
				CLANG_WARN_SUSPICIOUS_MOVE = YES;
				CLANG_WARN_UNGUARDED_AVAILABILITY = YES_AGGRESSIVE;
				CLANG_WARN_UNREACHABLE_CODE = YES;
				CLANG_WARN__DUPLICATE_METHOD_MATCH = YES;
				COPY_PHASE_STRIP = NO;
				DEBUG_INFORMATION_FORMAT = "dwarf-with-dsym";
				ENABLE_NS_ASSERTIONS = NO;
				ENABLE_STRICT_OBJC_MSGSEND = YES;
				ENABLE_USER_SCRIPT_SANDBOXING = YES;
				GCC_C_LANGUAGE_STANDARD = gnu17;
				GCC_NO_COMMON_BLOCKS = YES;
				GCC_WARN_64_TO_32_BIT_CONVERSION = YES;
				GCC_WARN_ABOUT_RETURN_TYPE = YES_ERROR;
				GCC_WARN_UNDECLARED_SELECTOR = YES;
				GCC_WARN_UNINITIALIZED_AUTOS = YES_AGGRESSIVE;
				GCC_WARN_UNUSED_FUNCTION = YES;
				GCC_WARN_UNUSED_VARIABLE = YES;
				LOCALIZATION_PREFERS_STRING_CATALOGS = YES;
				MACOSX_DEPLOYMENT_TARGET = 14.0;
				MTL_ENABLE_DEBUG_INFO = NO;
				MTL_FAST_MATH = YES;
				SDKROOT = macosx;
				SWIFT_COMPILATION_MODE = wholemodule;
			};
			name = Release;
		};
		A1234567890123456789014F /* Debug */ = {
			isa = XCBuildConfiguration;
			buildSettings = {
				ASSETCATALOG_COMPILER_APPICON_NAME = AppIcon;
				ASSETCATALOG_COMPILER_GLOBAL_ACCENT_COLOR_NAME = AccentColor;
				CODE_SIGN_ENTITLEMENTS = QuanshengK5Tool/QuanshengK5Tool.entitlements;
				CODE_SIGN_STYLE = Automatic;
				COMBINE_HIDPI_IMAGES = YES;
				CURRENT_PROJECT_VERSION = 1;
				DEVELOPMENT_ASSET_PATHS = "\"QuanshengK5Tool/Preview Content\"";
				ENABLE_PREVIEWS = YES;
				GENERATE_INFOPLIST_FILE = YES;
				INFOPLIST_KEY_NSHumanReadableCopyright = "© 2025 iwizard7. All rights reserved.";
				LD_RUNPATH_SEARCH_PATHS = (
					"$(inherited)",
					"@executable_path/../Frameworks",
				);
				MARKETING_VERSION = 1.0;
				PRODUCT_BUNDLE_IDENTIFIER = com.iwizard7.QuanshengK5Tool;
				PRODUCT_NAME = "$(TARGET_NAME)";
				SWIFT_EMIT_LOC_STRINGS = YES;
				SWIFT_VERSION = 5.0;
			};
			name = Debug;
		};
		A1234567890123456789014G /* Release */ = {
			isa = XCBuildConfiguration;
			buildSettings = {
				ASSETCATALOG_COMPILER_APPICON_NAME = AppIcon;
				ASSETCATALOG_COMPILER_GLOBAL_ACCENT_COLOR_NAME = AccentColor;
				CODE_SIGN_ENTITLEMENTS = QuanshengK5Tool/QuanshengK5Tool.entitlements;
				CODE_SIGN_STYLE = Automatic;
				COMBINE_HIDPI_IMAGES = YES;
				CURRENT_PROJECT_VERSION = 1;
				DEVELOPMENT_ASSET_PATHS = "\"QuanshengK5Tool/Preview Content\"";
				ENABLE_PREVIEWS = YES;
				GENERATE_INFOPLIST_FILE = YES;
				INFOPLIST_KEY_NSHumanReadableCopyright = "© 2025 iwizard7. All rights reserved.";
				LD_RUNPATH_SEARCH_PATHS = (
					"$(inherited)",
					"@executable_path/../Frameworks",
				);
				MARKETING_VERSION = 1.0;
				PRODUCT_BUNDLE_IDENTIFIER = com.iwizard7.QuanshengK5Tool;
				PRODUCT_NAME = "$(TARGET_NAME)";
				SWIFT_EMIT_LOC_STRINGS = YES;
				SWIFT_VERSION = 5.0;
			};
			name = Release;
		};
/* End XCBuildConfiguration section */

/* Begin XCConfigurationList section */
		A1234567890123456789012P /* Build configuration list for PBXProject "QuanshengK5Tool" */ = {
			isa = XCConfigurationList;
			buildConfigurations = (
				A1234567890123456789014D /* Debug */,
				A1234567890123456789014E /* Release */,
			);
			defaultConfigurationIsVisible = 0;
			defaultConfigurationName = Release;
		};
		A1234567890123456789014C /* Build configuration list for PBXNativeTarget "QuanshengK5Tool" */ = {
			isa = XCConfigurationList;
			buildConfigurations = (
				A1234567890123456789014F /* Debug */,
				A1234567890123456789014G /* Release */,
			);
			defaultConfigurationIsVisible = 0;
			defaultConfigurationName = Release;
		};
/* End XCConfigurationList section */
	};
	rootObject = A1234567890123456789012O /* Project object */;
}